<?xml version="1.0" encoding="utf-8"?>
<Project ToolsVersion="4.0" xmlns="http://schemas.microsoft.com/developer/msbuild/2003">
  <ItemGroup>
    <Filter Include="Source Files">
      <UniqueIdentifier>{4FC737F1-C7A5-4376-A066-2A32D752A2FF}</UniqueIdentifier>
      <Extensions>cpp;c;cc;cxx;def;odl;idl;hpj;bat;asm;asmx</Extensions>
    </Filter>
    <Filter Include="Header Files">
      <UniqueIdentifier>{93995380-89BD-4b04-88EB-625FBE52EBFB}</UniqueIdentifier>
      <Extensions>h;hh;hpp;hxx;hm;inl;inc;xsd</Extensions>
    </Filter>
    <Filter Include="Resource Files">
      <UniqueIdentifier>{67DA6AB6-F800-4c08-8B7A-83BB121AAD01}</UniqueIdentifier>
      <Extensions>rc;ico;cur;bmp;dlg;rc2;rct;bin;rgs;gif;jpg;jpeg;jpe;resx;tiff;tif;png;wav;mfcribbon-ms</Extensions>
    </Filter>
    <Filter Include="Source Files\InputManager">
      <UniqueIdentifier>{763c6eec-8176-4f18-bbb4-0592b3cd728e}</UniqueIdentifier>
    </Filter>
    <Filter Include="Header Files\InputManager">
      <UniqueIdentifier>{e8c51108-647f-487a-805b-173e3634cfea}</UniqueIdentifier>
    </Filter>
    <Filter Include="Source Files\Interfaces">
      <UniqueIdentifier>{cd72bcfd-26f4-4da3-873f-f887fbc01689}</UniqueIdentifier>
    </Filter>
    <Filter Include="Header Files\Interfaces">
      <UniqueIdentifier>{368fbbea-5524-43c8-9749-1c5f73a8be89}</UniqueIdentifier>
    </Filter>
    <Filter Include="Source Files\Game">
      <UniqueIdentifier>{9674ea85-69d2-4f5e-b0d7-3fa6d5dae0c3}</UniqueIdentifier>
    </Filter>
    <Filter Include="Source Files\Base">
      <UniqueIdentifier>{bb8f4e9d-cda6-4436-83a1-7c81aad11b95}</UniqueIdentifier>
    </Filter>
    <Filter Include="Header Files\Base">
      <UniqueIdentifier>{d04e81b7-a136-4038-a88a-8a17d6978a53}</UniqueIdentifier>
    </Filter>
    <Filter Include="Header Files\Helpers">
      <UniqueIdentifier>{8a04e42f-b76d-4c17-8ff2-f95bca6adc65}</UniqueIdentifier>
    </Filter>
    <Filter Include="Source Files\Helpers">
      <UniqueIdentifier>{202779c8-1748-43c6-8171-dcfd48e2b47e}</UniqueIdentifier>
    </Filter>
  </ItemGroup>
  <ItemGroup>
    <ClCompile Include="main.cpp">
      <Filter>Source Files</Filter>
    </ClCompile>
    <ClCompile Include="InputCommand.cpp">
      <Filter>Source Files\InputManager</Filter>
    </ClCompile>
    <ClCompile Include="stdafx.cpp">
      <Filter>Resource Files</Filter>
    </ClCompile>
    <ClCompile Include="InputManager.cpp">
      <Filter>Source Files\InputManager</Filter>
    </ClCompile>
    <ClCompile Include="IComponent.cpp">
      <Filter>Source Files\Interfaces</Filter>
    </ClCompile>
    <ClCompile Include="TestInput.cpp">
      <Filter>Source Files</Filter>
    </ClCompile>
    <ClCompile Include="VulkanBase.cpp">
      <Filter>Source Files\Base</Filter>
    </ClCompile>
    <ClCompile Include="VulkanHelper.cpp">
      <Filter>Source Files\Helpers</Filter>
    </ClCompile>
    <ClCompile Include="vulkanSwapchain.cpp">
      <Filter>Source Files\Base</Filter>
    </ClCompile>
    <ClCompile Include="VulkanDevice.cpp">
      <Filter>Source Files</Filter>
    </ClCompile>
  </ItemGroup>
  <ItemGroup>
    <ClInclude Include="InputCommand.h">
      <Filter>Header Files\InputManager</Filter>
    </ClInclude>
    <ClInclude Include="InputManager.h">
      <Filter>Header Files\InputManager</Filter>
    </ClInclude>
    <ClInclude Include="IComponent.h">
      <Filter>Header Files\Interfaces</Filter>
    </ClInclude>
    <ClInclude Include="stdafx.h">
      <Filter>Header Files</Filter>
    </ClInclude>
    <ClInclude Include="TestInput.h">
      <Filter>Header Files</Filter>
    </ClInclude>
    <ClInclude Include="srutil\Delegate.h">
      <Filter>Header Files</Filter>
    </ClInclude>
    <ClInclude Include="srutil\DelegateBase.h">
      <Filter>Header Files</Filter>
    </ClInclude>
    <ClInclude Include="srutil\MultiCastDelegate.h">
      <Filter>Header Files</Filter>
    </ClInclude>
    <ClInclude Include="VulkanBase.h">
      <Filter>Header Files\Base</Filter>
    </ClInclude>
    <ClInclude Include="VulkanHelper.h">
      <Filter>Header Files\Helpers</Filter>
    </ClInclude>
    <ClInclude Include="vulkanSwapchain.h">
      <Filter>Header Files\Base</Filter>
    </ClInclude>
    <ClInclude Include="VulkanDevice.h">
      <Filter>Header Files</Filter>
    </ClInclude>
  </ItemGroup>
</Project>